// !$*UTF8*$!
{
	archiveVersion = 1;
	classes = {
	};
	objectVersion = 50;
	objects = {

/* Begin PBXBuildFile section */
		E102CE8D247CAC9D00C87912 /* FSAttributedStringMaker.h in Headers */ = {isa = PBXBuildFile; fileRef = E102CE8B247CAC9D00C87912 /* FSAttributedStringMaker.h */; settings = {ATTRIBUTES = (Public, ); }; };
		E102CE8E247CAC9D00C87912 /* FSAttributedStringMaker.m in Sources */ = {isa = PBXBuildFile; fileRef = E102CE8C247CAC9D00C87912 /* FSAttributedStringMaker.m */; };
		E102CE95247CB17000C87912 /* FSAttributedStringPropertyModel.h in Headers */ = {isa = PBXBuildFile; fileRef = E102CE93247CB17000C87912 /* FSAttributedStringPropertyModel.h */; settings = {ATTRIBUTES = (Public, ); }; };
		E102CE96247CB17000C87912 /* FSAttributedStringPropertyModel.m in Sources */ = {isa = PBXBuildFile; fileRef = E102CE94247CB17000C87912 /* FSAttributedStringPropertyModel.m */; };
		E102CE9D247CCDF700C87912 /* UILabel+FSAttributedString.h in Headers */ = {isa = PBXBuildFile; fileRef = E102CE9B247CCDF700C87912 /* UILabel+FSAttributedString.h */; };
		E102CE9E247CCDF700C87912 /* UILabel+FSAttributedString.m in Sources */ = {isa = PBXBuildFile; fileRef = E102CE9C247CCDF700C87912 /* UILabel+FSAttributedString.m */; };
		E138391A24AF295E0022C60C /* FSAttributedStringProtocol.h in Headers */ = {isa = PBXBuildFile; fileRef = E138391924AF295E0022C60C /* FSAttributedStringProtocol.h */; };
		E138392124AF2E160022C60C /* FSAttributedStringWrapModel.h in Headers */ = {isa = PBXBuildFile; fileRef = E138391F24AF2E160022C60C /* FSAttributedStringWrapModel.h */; };
		E138392224AF2E160022C60C /* FSAttributedStringWrapModel.m in Sources */ = {isa = PBXBuildFile; fileRef = E138392024AF2E160022C60C /* FSAttributedStringWrapModel.m */; };
		E138392524AF2E480022C60C /* FSAttributedStringMetaModel.h in Headers */ = {isa = PBXBuildFile; fileRef = E138392324AF2E480022C60C /* FSAttributedStringMetaModel.h */; };
		E138392624AF2E480022C60C /* FSAttributedStringMetaModel.m in Sources */ = {isa = PBXBuildFile; fileRef = E138392424AF2E480022C60C /* FSAttributedStringMetaModel.m */; };
		E153A4E3247BD790009B87BE /* FSAttributedString.h in Headers */ = {isa = PBXBuildFile; fileRef = E153A4E1247BD790009B87BE /* FSAttributedString.h */; settings = {ATTRIBUTES = (Public, ); }; };
/* End PBXBuildFile section */

/* Begin PBXFileReference section */
		E102CE8B247CAC9D00C87912 /* FSAttributedStringMaker.h */ = {isa = PBXFileReference; lastKnownFileType = sourcecode.c.h; path = FSAttributedStringMaker.h; sourceTree = "<group>"; };
		E102CE8C247CAC9D00C87912 /* FSAttributedStringMaker.m */ = {isa = PBXFileReference; lastKnownFileType = sourcecode.c.objc; path = FSAttributedStringMaker.m; sourceTree = "<group>"; };
		E102CE93247CB17000C87912 /* FSAttributedStringPropertyModel.h */ = {isa = PBXFileReference; lastKnownFileType = sourcecode.c.h; path = FSAttributedStringPropertyModel.h; sourceTree = "<group>"; };
		E102CE94247CB17000C87912 /* FSAttributedStringPropertyModel.m */ = {isa = PBXFileReference; lastKnownFileType = sourcecode.c.objc; path = FSAttributedStringPropertyModel.m; sourceTree = "<group>"; };
		E102CE9B247CCDF700C87912 /* UILabel+FSAttributedString.h */ = {isa = PBXFileReference; lastKnownFileType = sourcecode.c.h; path = "UILabel+FSAttributedString.h"; sourceTree = "<group>"; };
		E102CE9C247CCDF700C87912 /* UILabel+FSAttributedString.m */ = {isa = PBXFileReference; lastKnownFileType = sourcecode.c.objc; path = "UILabel+FSAttributedString.m"; sourceTree = "<group>"; };
		E138391924AF295E0022C60C /* FSAttributedStringProtocol.h */ = {isa = PBXFileReference; lastKnownFileType = sourcecode.c.h; path = FSAttributedStringProtocol.h; sourceTree = "<group>"; };
		E138391F24AF2E160022C60C /* FSAttributedStringWrapModel.h */ = {isa = PBXFileReference; lastKnownFileType = sourcecode.c.h; path = FSAttributedStringWrapModel.h; sourceTree = "<group>"; };
		E138392024AF2E160022C60C /* FSAttributedStringWrapModel.m */ = {isa = PBXFileReference; lastKnownFileType = sourcecode.c.objc; path = FSAttributedStringWrapModel.m; sourceTree = "<group>"; };
		E138392324AF2E480022C60C /* FSAttributedStringMetaModel.h */ = {isa = PBXFileReference; lastKnownFileType = sourcecode.c.h; path = FSAttributedStringMetaModel.h; sourceTree = "<group>"; };
		E138392424AF2E480022C60C /* FSAttributedStringMetaModel.m */ = {isa = PBXFileReference; lastKnownFileType = sourcecode.c.objc; path = FSAttributedStringMetaModel.m; sourceTree = "<group>"; };
		E153A4DE247BD790009B87BE /* FSAttributedString.framework */ = {isa = PBXFileReference; explicitFileType = wrapper.framework; includeInIndex = 0; path = FSAttributedString.framework; sourceTree = BUILT_PRODUCTS_DIR; };
		E153A4E1247BD790009B87BE /* FSAttributedString.h */ = {isa = PBXFileReference; lastKnownFileType = sourcecode.c.h; path = FSAttributedString.h; sourceTree = "<group>"; };
		E153A4E2247BD790009B87BE /* Info.plist */ = {isa = PBXFileReference; lastKnownFileType = text.plist.xml; path = Info.plist; sourceTree = "<group>"; };
/* End PBXFileReference section */

/* Begin PBXFrameworksBuildPhase section */
		E153A4DB247BD790009B87BE /* Frameworks */ = {
			isa = PBXFrameworksBuildPhase;
			buildActionMask = 2147483647;
			files = (
			);
			runOnlyForDeploymentPostprocessing = 0;
		};
/* End PBXFrameworksBuildPhase section */

/* Begin PBXGroup section */
		E153A4D4247BD790009B87BE = {
			isa = PBXGroup;
			children = (
				E153A4E0247BD790009B87BE /* FSAttributedString */,
				E153A4DF247BD790009B87BE /* Products */,
			);
			sourceTree = "<group>";
		};
		E153A4DF247BD790009B87BE /* Products */ = {
			isa = PBXGroup;
			children = (
				E153A4DE247BD790009B87BE /* FSAttributedString.framework */,
			);
			name = Products;
			sourceTree = "<group>";
		};
		E153A4E0247BD790009B87BE /* FSAttributedString */ = {
			isa = PBXGroup;
			children = (
				E153A4E1247BD790009B87BE /* FSAttributedString.h */,
				E102CE8B247CAC9D00C87912 /* FSAttributedStringMaker.h */,
				E102CE8C247CAC9D00C87912 /* FSAttributedStringMaker.m */,
				E138391924AF295E0022C60C /* FSAttributedStringProtocol.h */,
				E138391F24AF2E160022C60C /* FSAttributedStringWrapModel.h */,
				E138392024AF2E160022C60C /* FSAttributedStringWrapModel.m */,
				E138392324AF2E480022C60C /* FSAttributedStringMetaModel.h */,
				E138392424AF2E480022C60C /* FSAttributedStringMetaModel.m */,
				E102CE93247CB17000C87912 /* FSAttributedStringPropertyModel.h */,
				E102CE94247CB17000C87912 /* FSAttributedStringPropertyModel.m */,
				E102CE9B247CCDF700C87912 /* UILabel+FSAttributedString.h */,
				E102CE9C247CCDF700C87912 /* UILabel+FSAttributedString.m */,
				E153A4E2247BD790009B87BE /* Info.plist */,
			);
			path = FSAttributedString;
			sourceTree = "<group>";
		};
/* End PBXGroup section */

/* Begin PBXHeadersBuildPhase section */
		E153A4D9247BD790009B87BE /* Headers */ = {
			isa = PBXHeadersBuildPhase;
			buildActionMask = 2147483647;
			files = (
				E153A4E3247BD790009B87BE /* FSAttributedString.h in Headers */,
				E138391A24AF295E0022C60C /* FSAttributedStringProtocol.h in Headers */,
				E102CE9D247CCDF700C87912 /* UILabel+FSAttributedString.h in Headers */,
				E102CE8D247CAC9D00C87912 /* FSAttributedStringMaker.h in Headers */,
				E138392124AF2E160022C60C /* FSAttributedStringWrapModel.h in Headers */,
				E138392524AF2E480022C60C /* FSAttributedStringMetaModel.h in Headers */,
				E102CE95247CB17000C87912 /* FSAttributedStringPropertyModel.h in Headers */,
			);
			runOnlyForDeploymentPostprocessing = 0;
		};
/* End PBXHeadersBuildPhase section */

/* Begin PBXNativeTarget section */
		E153A4DD247BD790009B87BE /* FSAttributedString */ = {
			isa = PBXNativeTarget;
			buildConfigurationList = E153A4E6247BD790009B87BE /* Build configuration list for PBXNativeTarget "FSAttributedString" */;
			buildPhases = (
				E153A4D9247BD790009B87BE /* Headers */,
				E153A4DA247BD790009B87BE /* Sources */,
				E153A4DB247BD790009B87BE /* Frameworks */,
				E153A4DC247BD790009B87BE /* Resources */,
			);
			buildRules = (
			);
			dependencies = (
			);
			name = FSAttributedString;
			productName = FSAttributedString;
			productReference = E153A4DE247BD790009B87BE /* FSAttributedString.framework */;
			productType = "com.apple.product-type.framework";
		};
/* End PBXNativeTarget section */

/* Begin PBXProject section */
		E153A4D5247BD790009B87BE /* Project object */ = {
			isa = PBXProject;
			attributes = {
				LastUpgradeCheck = 1140;
				ORGANIZATIONNAME = "张忠燕";
				TargetAttributes = {
					E153A4DD247BD790009B87BE = {
						CreatedOnToolsVersion = 11.4.1;
					};
				};
			};
			buildConfigurationList = E153A4D8247BD790009B87BE /* Build configuration list for PBXProject "FSAttributedString" */;
			compatibilityVersion = "Xcode 9.3";
			developmentRegion = en;
			hasScannedForEncodings = 0;
			knownRegions = (
				en,
				Base,
			);
			mainGroup = E153A4D4247BD790009B87BE;
			productRefGroup = E153A4DF247BD790009B87BE /* Products */;
			projectDirPath = "";
			projectRoot = "";
			targets = (
				E153A4DD247BD790009B87BE /* FSAttributedString */,
			);
		};
/* End PBXProject section */

/* Begin PBXResourcesBuildPhase section */
		E153A4DC247BD790009B87BE /* Resources */ = {
			isa = PBXResourcesBuildPhase;
			buildActionMask = 2147483647;
			files = (
			);
			runOnlyForDeploymentPostprocessing = 0;
		};
/* End PBXResourcesBuildPhase section */

/* Begin PBXSourcesBuildPhase section */
		E153A4DA247BD790009B87BE /* Sources */ = {
			isa = PBXSourcesBuildPhase;
			buildActionMask = 2147483647;
			files = (
				E102CE9E247CCDF700C87912 /* UILabel+FSAttributedString.m in Sources */,
				E138392624AF2E480022C60C /* FSAttributedStringMetaModel.m in Sources */,
				E138392224AF2E160022C60C /* FSAttributedStringWrapModel.m in Sources */,
				E102CE8E247CAC9D00C87912 /* FSAttributedStringMaker.m in Sources */,
				E102CE96247CB17000C87912 /* FSAttributedStringPropertyModel.m in Sources */,
			);
			runOnlyForDeploymentPostprocessing = 0;
		};
/* End PBXSourcesBuildPhase section */

/* Begin XCBuildConfiguration section */
		E153A4E4247BD790009B87BE /* Debug */ = {
			isa = XCBuildConfiguration;
			buildSettings = {
				ALWAYS_SEARCH_USER_PATHS = NO;
				CLANG_ANALYZER_NONNULL = YES;
				CLANG_ANALYZER_NUMBER_OBJECT_CONVERSION = YES_AGGRESSIVE;
				CLANG_CXX_LANGUAGE_STANDARD = "gnu++14";
				CLANG_CXX_LIBRARY = "libc++";
				CLANG_ENABLE_MODULES = YES;
				CLANG_ENABLE_OBJC_ARC = YES;
				CLANG_ENABLE_OBJC_WEAK = YES;
				CLANG_WARN_BLOCK_CAPTURE_AUTORELEASING = YES;
				CLANG_WARN_BOOL_CONVERSION = YES;
				CLANG_WARN_COMMA = YES;
				CLANG_WARN_CONSTANT_CONVERSION = YES;
				CLANG_WARN_DEPRECATED_OBJC_IMPLEMENTATIONS = YES;
				CLANG_WARN_DIRECT_OBJC_ISA_USAGE = YES_ERROR;
				CLANG_WARN_DOCUMENTATION_COMMENTS = YES;
				CLANG_WARN_EMPTY_BODY = YES;
				CLANG_WARN_ENUM_CONVERSION = YES;
				CLANG_WARN_INFINITE_RECURSION = YES;
				CLANG_WARN_INT_CONVERSION = YES;
				CLANG_WARN_NON_LITERAL_NULL_CONVERSION = YES;
				CLANG_WARN_OBJC_IMPLICIT_RETAIN_SELF = YES;
				CLANG_WARN_OBJC_LITERAL_CONVERSION = YES;
				CLANG_WARN_OBJC_ROOT_CLASS = YES_ERROR;
				CLANG_WARN_RANGE_LOOP_ANALYSIS = YES;
				CLANG_WARN_STRICT_PROTOTYPES = YES;
				CLANG_WARN_SUSPICIOUS_MOVE = YES;
				CLANG_WARN_UNGUARDED_AVAILABILITY = YES_AGGRESSIVE;
				CLANG_WARN_UNREACHABLE_CODE = YES;
				CLANG_WARN__DUPLICATE_METHOD_MATCH = YES;
				COPY_PHASE_STRIP = NO;
				CURRENT_PROJECT_VERSION = 1;
				DEBUG_INFORMATION_FORMAT = dwarf;
				ENABLE_STRICT_OBJC_MSGSEND = YES;
				ENABLE_TESTABILITY = YES;
				GCC_C_LANGUAGE_STANDARD = gnu11;
				GCC_DYNAMIC_NO_PIC = NO;
				GCC_NO_COMMON_BLOCKS = YES;
				GCC_OPTIMIZATION_LEVEL = 0;
				GCC_PREPROCESSOR_DEFINITIONS = (
					"DEBUG=1",
					"$(inherited)",
				);
				GCC_WARN_64_TO_32_BIT_CONVERSION = YES;
				GCC_WARN_ABOUT_RETURN_TYPE = YES_ERROR;
				GCC_WARN_UNDECLARED_SELECTOR = YES;
				GCC_WARN_UNINITIALIZED_AUTOS = YES_AGGRESSIVE;
				GCC_WARN_UNUSED_FUNCTION = YES;
				GCC_WARN_UNUSED_VARIABLE = YES;
				IPHONEOS_DEPLOYMENT_TARGET = 8.0;
				MTL_ENABLE_DEBUG_INFO = INCLUDE_SOURCE;
				MTL_FAST_MATH = YES;
				ONLY_ACTIVE_ARCH = YES;
				SDKROOT = iphoneos;
				VERSIONING_SYSTEM = "apple-generic";
				VERSION_INFO_PREFIX = "";
			};
			name = Debug;
		};
		E153A4E5247BD790009B87BE /* Release */ = {
			isa = XCBuildConfiguration;
			buildSettings = {
				ALWAYS_SEARCH_USER_PATHS = NO;
				CLANG_ANALYZER_NONNULL = YES;
				CLANG_ANALYZER_NUMBER_OBJECT_CONVERSION = YES_AGGRESSIVE;
				CLANG_CXX_LANGUAGE_STANDARD = "gnu++14";
				CLANG_CXX_LIBRARY = "libc++";
				CLANG_ENABLE_MODULES = YES;
				CLANG_ENABLE_OBJC_ARC = YES;
				CLANG_ENABLE_OBJC_WEAK = YES;
				CLANG_WARN_BLOCK_CAPTURE_AUTORELEASING = YES;
				CLANG_WARN_BOOL_CONVERSION = YES;
				CLANG_WARN_COMMA = YES;
				CLANG_WARN_CONSTANT_CONVERSION = YES;
				CLANG_WARN_DEPRECATED_OBJC_IMPLEMENTATIONS = YES;
				CLANG_WARN_DIRECT_OBJC_ISA_USAGE = YES_ERROR;
				CLANG_WARN_DOCUMENTATION_COMMENTS = YES;
				CLANG_WARN_EMPTY_BODY = YES;
				CLANG_WARN_ENUM_CONVERSION = YES;
				CLANG_WARN_INFINITE_RECURSION = YES;
				CLANG_WARN_INT_CONVERSION = YES;
				CLANG_WARN_NON_LITERAL_NULL_CONVERSION = YES;
				CLANG_WARN_OBJC_IMPLICIT_RETAIN_SELF = YES;
				CLANG_WARN_OBJC_LITERAL_CONVERSION = YES;
				CLANG_WARN_OBJC_ROOT_CLASS = YES_ERROR;
				CLANG_WARN_RANGE_LOOP_ANALYSIS = YES;
				CLANG_WARN_STRICT_PROTOTYPES = YES;
				CLANG_WARN_SUSPICIOUS_MOVE = YES;
				CLANG_WARN_UNGUARDED_AVAILABILITY = YES_AGGRESSIVE;
				CLANG_WARN_UNREACHABLE_CODE = YES;
				CLANG_WARN__DUPLICATE_METHOD_MATCH = YES;
				COPY_PHASE_STRIP = NO;
				CURRENT_PROJECT_VERSION = 1;
				DEBUG_INFORMATION_FORMAT = "dwarf-with-dsym";
				ENABLE_NS_ASSERTIONS = NO;
				ENABLE_STRICT_OBJC_MSGSEND = YES;
				GCC_C_LANGUAGE_STANDARD = gnu11;
				GCC_NO_COMMON_BLOCKS = YES;
				GCC_WARN_64_TO_32_BIT_CONVERSION = YES;
				GCC_WARN_ABOUT_RETURN_TYPE = YES_ERROR;
				GCC_WARN_UNDECLARED_SELECTOR = YES;
				GCC_WARN_UNINITIALIZED_AUTOS = YES_AGGRESSIVE;
				GCC_WARN_UNUSED_FUNCTION = YES;
				GCC_WARN_UNUSED_VARIABLE = YES;
				IPHONEOS_DEPLOYMENT_TARGET = 8.0;
				MTL_ENABLE_DEBUG_INFO = NO;
				MTL_FAST_MATH = YES;
				SDKROOT = iphoneos;
				VALIDATE_PRODUCT = YES;
				VERSIONING_SYSTEM = "apple-generic";
				VERSION_INFO_PREFIX = "";
			};
			name = Release;
		};
		E153A4E7247BD790009B87BE /* Debug */ = {
			isa = XCBuildConfiguration;
			buildSettings = {
				CODE_SIGN_STYLE = Automatic;
				DEFINES_MODULE = YES;
				DYLIB_COMPATIBILITY_VERSION = 1;
				DYLIB_CURRENT_VERSION = 1;
				DYLIB_INSTALL_NAME_BASE = "@rpath";
				INFOPLIST_FILE = FSAttributedString/Info.plist;
				INSTALL_PATH = "$(LOCAL_LIBRARY_DIR)/Frameworks";
				LD_RUNPATH_SEARCH_PATHS = (
					"$(inherited)",
					"@executable_path/Frameworks",
					"@loader_path/Frameworks",
				);
				MARKETING_VERSION = 1.0.1;
				PRODUCT_BUNDLE_IDENTIFIER = com.zhangzhongyan.FSAttributedString;
				PRODUCT_NAME = "$(TARGET_NAME:c99extidentifier)";
				SKIP_INSTALL = YES;
				TARGETED_DEVICE_FAMILY = "1,2";
			};
			name = Debug;
		};
		E153A4E8247BD790009B87BE /* Release */ = {
			isa = XCBuildConfiguration;
			buildSettings = {
				CODE_SIGN_STYLE = Automatic;
				DEFINES_MODULE = YES;
				DYLIB_COMPATIBILITY_VERSION = 1;
				DYLIB_CURRENT_VERSION = 1;
				DYLIB_INSTALL_NAME_BASE = "@rpath";
				INFOPLIST_FILE = FSAttributedString/Info.plist;
				INSTALL_PATH = "$(LOCAL_LIBRARY_DIR)/Frameworks";
				LD_RUNPATH_SEARCH_PATHS = (
					"$(inherited)",
					"@executable_path/Frameworks",
					"@loader_path/Frameworks",
				);
				MARKETING_VERSION = 1.0.1;
				PRODUCT_BUNDLE_IDENTIFIER = com.zhangzhongyan.FSAttributedString;
				PRODUCT_NAME = "$(TARGET_NAME:c99extidentifier)";
				SKIP_INSTALL = YES;
				TARGETED_DEVICE_FAMILY = "1,2";
			};
			name = Release;
		};
/* End XCBuildConfiguration section */

/* Begin XCConfigurationList section */
		E153A4D8247BD790009B87BE /* Build configuration list for PBXProject "FSAttributedString" */ = {
			isa = XCConfigurationList;
			buildConfigurations = (
				E153A4E4247BD790009B87BE /* Debug */,
				E153A4E5247BD790009B87BE /* Release */,
			);
			defaultConfigurationIsVisible = 0;
			defaultConfigurationName = Release;
		};
		E153A4E6247BD790009B87BE /* Build configuration list for PBXNativeTarget "FSAttributedString" */ = {
			isa = XCConfigurationList;
			buildConfigurations = (
				E153A4E7247BD790009B87BE /* Debug */,
				E153A4E8247BD790009B87BE /* Release */,
			);
			defaultConfigurationIsVisible = 0;
			defaultConfigurationName = Release;
		};
/* End XCConfigurationList section */
	};
	rootObject = E153A4D5247BD790009B87BE /* Project object */;
}
